
Microsoft Visual Studio Solution File, Format Version 12.00
# Visual Studio 15
VisualStudioVersion = 15.0.28307.271
MinimumVisualStudioVersion = 10.0.40219.1
Project("{FAE04EC0-301F-11D3-BF4B-00C04F79EFBC}") = "JexFlix-Scraper", "JexFlix-Scraper\JexFlix-Scraper.csproj", "{A316A131-3DA1-4AE2-99D5-06053A33FF0B}"
EndProject
Global
	GlobalSection(SolutionConfigurationPlatforms) = preSolution
		Debug|Any CPU = Debug|Any CPU
		Release|Any CPU = Release|Any CPU
	EndGlobalSection
	GlobalSection(ProjectConfigurationPlatforms) = postSolution
		{A316A131-3DA1-4AE2-99D5-06053A33FF0B}.Debug|Any CPU.ActiveCfg = Debug|Any CPU
		{A316A131-3DA1-4AE2-99D5-06053A33FF0B}.Debug|Any CPU.Build.0 = Debug|Any CPU
		{A316A131-3DA1-4AE2-99D5-06053A33FF0B}.Release|Any CPU.ActiveCfg = Release|Any CPU
		{A316A131-3DA1-4AE2-99D5-06053A33FF0B}.Release|Any CPU.Build.0 = Release|Any CPU
	EndGlobalSection
	GlobalSection(SolutionProperties) = preSolution
		HideSolutionNode = FALSE
	EndGlobalSection
	GlobalSection(ExtensibilityGlobals) = postSolution
		SolutionGuid = {70FCF00F-D29A-4586-B310-AC18BCC05D83}
	EndGlobalSection
EndGlobal
